<?xml version="1.0" encoding="utf-8"?>
<Project ToolsVersion="17.0" xmlns="http://schemas.microsoft.com/developer/msbuild/2003">
  <ItemGroup>
    <CustomBuild Include="C:\Users\matti\Desktop\Esame\build-test\CMakeFiles\50584a9d9d42074d0a6349fd1a71b4d2\generate.stamp.rule">
      <Filter>CMake Rules</Filter>
    </CustomBuild>
  </ItemGroup>
  <ItemGroup>
    <Filter Include="CMake Rules">
      <UniqueIdentifier>{12CE80F0-B149-3184-9D2C-E8E1054E9831}</UniqueIdentifier>
    </Filter>
  </ItemGroup>
</Project>
